
Microsoft Visual Studio Solution File, Format Version 12.00
# Visual Studio 15
VisualStudioVersion = 15.0.27428.2005
MinimumVisualStudioVersion = 10.0.40219.1
Project("{FAE04EC0-301F-11D3-BF4B-00C04F79EFBC}") = "Veme", "Veme\Veme.csproj", "{D2C0F36C-F4C8-45CD-B381-917E7567571F}"
EndProject
Global
	GlobalSection(SolutionConfigurationPlatforms) = preSolution
		Debug|Any CPU = Debug|Any CPU
		Release|Any CPU = Release|Any CPU
	EndGlobalSection
	GlobalSection(ProjectConfigurationPlatforms) = postSolution
		{D2C0F36C-F4C8-45CD-B381-917E7567571F}.Debug|Any CPU.ActiveCfg = Debug|Any CPU
		{D2C0F36C-F4C8-45CD-B381-917E7567571F}.Debug|Any CPU.Build.0 = Debug|Any CPU
		{D2C0F36C-F4C8-45CD-B381-917E7567571F}.Release|Any CPU.ActiveCfg = Release|Any CPU
		{D2C0F36C-F4C8-45CD-B381-917E7567571F}.Release|Any CPU.Build.0 = Release|Any CPU
	EndGlobalSection
	GlobalSection(SolutionProperties) = preSolution
		HideSolutionNode = FALSE
	EndGlobalSection
	GlobalSection(ExtensibilityGlobals) = postSolution
		SolutionGuid = {B37E7D9E-2645-40BC-94AA-CA79A4B22987}
	EndGlobalSection
EndGlobal
